{
  "nodes": {
    "nixpkgs": {
      "locked": {
        "lastModified": 1770169770,
        "narHash": "sha256-awR8qIwJxJJiOmcEGgP2KUqYmHG4v/z8XpL9z8FnT1A=",
        "owner": "NixOS",
        "repo": "nixpkgs",
        "rev": "aa290c9891fa4ebe88f8889e59633d20cc06a5f2",
        "type": "github"
      },
      "original": {
        "owner": "NixOS",
        "ref": "nixpkgs-unstable",
        "repo": "nixpkgs",
        "type": "github"
      }
    },
    "plugins-lze": {
      "flake": false,
      "locked": {
        "lastModified": 1769938695,
        "narHash": "sha256-TJ6/xiFwyImPN2ABjsDymluhk2v3MVhetH+dTJAXMFI=",
        "owner": "BirdeeHub",
        "repo": "lze",
        "rev": "2b5e081f48df165c1e67050bc0b85a4c939e0827",
        "type": "github"
      },
      "original": {
        "owner": "BirdeeHub",
        "repo": "lze",
        "type": "github"
      }
    },
    "plugins-lzextras": {
      "flake": false,
      "locked": {
        "lastModified": 1770073207,
        "narHash": "sha256-hWIN/wuDpSu8xwqPmdjQREKMbnPeo/nUybu3Z2q/emY=",
        "owner": "BirdeeHub",
        "repo": "lzextras",
        "rev": "20bfe66fdfb1ee1a23994acec043191aa6d54e6e",
        "type": "github"
      },
      "original": {
        "owner": "BirdeeHub",
        "repo": "lzextras",
        "type": "github"
      }
    },
    "root": {
      "inputs": {
        "nixpkgs": "nixpkgs",
        "plugins-lze": "plugins-lze",
        "plugins-lzextras": "plugins-lzextras",
        "wrappers": "wrappers"
      }
    },
    "wrappers": {
      "inputs": {
        "nixpkgs": [
          "nixpkgs"
        ]
      },
      "locked": {
        "lastModified": 1770280092,
        "narHash": "sha256-4u0qZ1/lq6KRmX2gi1ToqUKiDwj1jSL2gALnbSsTjqQ=",
        "owner": "BirdeeHub",
        "repo": "nix-wrapper-modules",
        "rev": "bf3ecf70c00c1260e19bab6b13ca41a83d80c56f",
        "type": "github"
      },
      "original": {
        "owner": "BirdeeHub",
        "repo": "nix-wrapper-modules",
        "type": "github"
      }
    }
  },
  "root": "root",
  "version": 7
}
